{
  "requires": true,
  "lockfileVersion": 1,
  "dependencies": {
    "highlight.js": {
      "version": "9.15.10",
      "resolved": "https://registry.npmjs.org/highlight.js/-/highlight.js-9.15.10.tgz",
      "integrity": "sha512-RoV7OkQm0T3os3Dd2VHLNMoaoDVx77Wygln3n9l5YV172XonWG6rgQD3XnF/BuFFZw9A0TJgmMSO8FEWQgvcXw=="
    },
    "highlight.js-async-webpack": {
      "version": "1.0.4",
      "resolved": "https://registry.npmjs.org/highlight.js-async-webpack/-/highlight.js-async-webpack-1.0.4.tgz",
      "integrity": "sha1-wGtnv5nwSQRdYrdW5YVbCRLsYWw="
    },
    "mavon-editor": {
      "version": "2.7.6",
      "resolved": "https://registry.npmjs.org/mavon-editor/-/mavon-editor-2.7.6.tgz",
      "integrity": "sha512-s5RpdpXG9WFvQZf5ckCgNzwgoTfxxm9estwMyE5dbUcrip96vrtdsEQOFTMCATKpbQ2cam4kTjX0ZTTw5rDrBw==",
      "requires": {
        "highlight.js": "^9.11.0",
        "highlight.js-async-webpack": "^1.0.4"
      }
    }
  }
}
